
Microsoft Visual Studio Solution File, Format Version 12.00
# Visual Studio Version 17
VisualStudioVersion = 17.2.32630.192
MinimumVisualStudioVersion = 10.0.40219.1
Project("{9A19103F-16F7-4668-BE54-9A1E7A4F7556}") = "R5T.Z0072.Construction", "R5T.Z0072.Construction\R5T.Z0072.Construction.csproj", "{15B8203E-42FC-4A95-B74E-4601A5D9F2AE}"
EndProject
Project("{9A19103F-16F7-4668-BE54-9A1E7A4F7556}") = "R5T.Z0072", "R5T.Z0072\R5T.Z0072.csproj", "{C223221E-EE2E-447F-B615-A29A40E68141}"
EndProject
Project("{9A19103F-16F7-4668-BE54-9A1E7A4F7556}") = "R5T.Z0072.Z000", "R5T.Z0072.Z000\R5T.Z0072.Z000.csproj", "{D8E73626-C180-455E-8278-FB3E4F9C1220}"
EndProject
Project("{2150E333-8FDC-42A3-9474-1A3956D46DE8}") = "_Dependencies", "_Dependencies", "{AB5F1895-826D-439B-9068-355EEC09398A}"
EndProject
Project("{9A19103F-16F7-4668-BE54-9A1E7A4F7556}") = "R5T.T0131", "..\..\R5T.T0131\source\R5T.T0131\R5T.T0131.csproj", "{BCCA5E7D-D52B-410D-BF1F-882877F372B1}"
EndProject
Project("{9A19103F-16F7-4668-BE54-9A1E7A4F7556}") = "R5T.T0132", "..\..\R5T.T0132\source\R5T.T0132\R5T.T0132.csproj", "{5E3A0D61-0CA4-4159-B737-040B425D0AEC}"
EndProject
Project("{9A19103F-16F7-4668-BE54-9A1E7A4F7556}") = "R5T.T0142", "..\..\R5T.T0142\source\R5T.T0142\R5T.T0142.csproj", "{A5E772D6-E251-47A9-9A5E-D3D24ACF303C}"
EndProject
Project("{9A19103F-16F7-4668-BE54-9A1E7A4F7556}") = "R5T.T0143", "..\..\R5T.T0143\source\R5T.T0143\R5T.T0143.csproj", "{53073E53-7CD3-4506-9E88-2A6F8EFDE12E}"
EndProject
Project("{9A19103F-16F7-4668-BE54-9A1E7A4F7556}") = "R5T.T0178", "..\..\R5T.T0178\source\R5T.T0178\R5T.T0178.csproj", "{A4165063-1E47-4289-8E2A-80D3340B547A}"
EndProject
Project("{9A19103F-16F7-4668-BE54-9A1E7A4F7556}") = "R5T.T0179", "..\..\R5T.T0179\source\R5T.T0179\R5T.T0179.csproj", "{89074CB5-1EAE-44F2-A898-172594803C39}"
EndProject
Project("{9A19103F-16F7-4668-BE54-9A1E7A4F7556}") = "R5T.Z0072.Z002", "R5T.Z0072.Z002\R5T.Z0072.Z002.csproj", "{56F5E8FE-919B-4D72-8F46-09865674DECA}"
EndProject
Project("{9A19103F-16F7-4668-BE54-9A1E7A4F7556}") = "R5T.Z0072.Z001", "R5T.Z0072.Z001\R5T.Z0072.Z001.csproj", "{D94E20A8-0BD6-48DF-B7D8-448D28FE67FD}"
EndProject
Project("{9A19103F-16F7-4668-BE54-9A1E7A4F7556}") = "R5T.T0252", "..\..\R5T.T0252\source\R5T.T0252\R5T.T0252.csproj", "{F1B058C0-3ABF-4A2A-BD0D-F27CA99CE328}"
EndProject
Project("{9A19103F-16F7-4668-BE54-9A1E7A4F7556}") = "R5T.Z0072.Z004", "R5T.Z0072.Z004\R5T.Z0072.Z004.csproj", "{5C509D8F-5BAE-486A-8666-2968B46584F9}"
EndProject
Global
	GlobalSection(NestedProjects) = preSolution
		{BCCA5E7D-D52B-410D-BF1F-882877F372B1} = {AB5F1895-826D-439B-9068-355EEC09398A}
		{5E3A0D61-0CA4-4159-B737-040B425D0AEC} = {AB5F1895-826D-439B-9068-355EEC09398A}
		{A5E772D6-E251-47A9-9A5E-D3D24ACF303C} = {AB5F1895-826D-439B-9068-355EEC09398A}
		{53073E53-7CD3-4506-9E88-2A6F8EFDE12E} = {AB5F1895-826D-439B-9068-355EEC09398A}
		{A4165063-1E47-4289-8E2A-80D3340B547A} = {AB5F1895-826D-439B-9068-355EEC09398A}
		{89074CB5-1EAE-44F2-A898-172594803C39} = {AB5F1895-826D-439B-9068-355EEC09398A}
		{F1B058C0-3ABF-4A2A-BD0D-F27CA99CE328} = {AB5F1895-826D-439B-9068-355EEC09398A}
	EndGlobalSection
	GlobalSection(SolutionConfigurationPlatforms) = preSolution
		Debug|Any CPU = Debug|Any CPU
		Release|Any CPU = Release|Any CPU
	EndGlobalSection
	GlobalSection(ProjectConfigurationPlatforms) = postSolution
		{15B8203E-42FC-4A95-B74E-4601A5D9F2AE}.Debug|Any CPU.ActiveCfg = Debug|Any CPU
		{15B8203E-42FC-4A95-B74E-4601A5D9F2AE}.Debug|Any CPU.Build.0 = Debug|Any CPU
		{15B8203E-42FC-4A95-B74E-4601A5D9F2AE}.Release|Any CPU.ActiveCfg = Release|Any CPU
		{15B8203E-42FC-4A95-B74E-4601A5D9F2AE}.Release|Any CPU.Build.0 = Release|Any CPU
		{C223221E-EE2E-447F-B615-A29A40E68141}.Debug|Any CPU.ActiveCfg = Debug|Any CPU
		{C223221E-EE2E-447F-B615-A29A40E68141}.Debug|Any CPU.Build.0 = Debug|Any CPU
		{C223221E-EE2E-447F-B615-A29A40E68141}.Release|Any CPU.ActiveCfg = Release|Any CPU
		{C223221E-EE2E-447F-B615-A29A40E68141}.Release|Any CPU.Build.0 = Release|Any CPU
		{D8E73626-C180-455E-8278-FB3E4F9C1220}.Debug|Any CPU.ActiveCfg = Debug|Any CPU
		{D8E73626-C180-455E-8278-FB3E4F9C1220}.Debug|Any CPU.Build.0 = Debug|Any CPU
		{D8E73626-C180-455E-8278-FB3E4F9C1220}.Release|Any CPU.ActiveCfg = Release|Any CPU
		{D8E73626-C180-455E-8278-FB3E4F9C1220}.Release|Any CPU.Build.0 = Release|Any CPU
		{BCCA5E7D-D52B-410D-BF1F-882877F372B1}.Debug|Any CPU.ActiveCfg = Debug|Any CPU
		{BCCA5E7D-D52B-410D-BF1F-882877F372B1}.Debug|Any CPU.Build.0 = Debug|Any CPU
		{BCCA5E7D-D52B-410D-BF1F-882877F372B1}.Release|Any CPU.ActiveCfg = Release|Any CPU
		{BCCA5E7D-D52B-410D-BF1F-882877F372B1}.Release|Any CPU.Build.0 = Release|Any CPU
		{5E3A0D61-0CA4-4159-B737-040B425D0AEC}.Debug|Any CPU.ActiveCfg = Debug|Any CPU
		{5E3A0D61-0CA4-4159-B737-040B425D0AEC}.Debug|Any CPU.Build.0 = Debug|Any CPU
		{5E3A0D61-0CA4-4159-B737-040B425D0AEC}.Release|Any CPU.ActiveCfg = Release|Any CPU
		{5E3A0D61-0CA4-4159-B737-040B425D0AEC}.Release|Any CPU.Build.0 = Release|Any CPU
		{A5E772D6-E251-47A9-9A5E-D3D24ACF303C}.Debug|Any CPU.ActiveCfg = Debug|Any CPU
		{A5E772D6-E251-47A9-9A5E-D3D24ACF303C}.Debug|Any CPU.Build.0 = Debug|Any CPU
		{A5E772D6-E251-47A9-9A5E-D3D24ACF303C}.Release|Any CPU.ActiveCfg = Release|Any CPU
		{A5E772D6-E251-47A9-9A5E-D3D24ACF303C}.Release|Any CPU.Build.0 = Release|Any CPU
		{53073E53-7CD3-4506-9E88-2A6F8EFDE12E}.Debug|Any CPU.ActiveCfg = Debug|Any CPU
		{53073E53-7CD3-4506-9E88-2A6F8EFDE12E}.Debug|Any CPU.Build.0 = Debug|Any CPU
		{53073E53-7CD3-4506-9E88-2A6F8EFDE12E}.Release|Any CPU.ActiveCfg = Release|Any CPU
		{53073E53-7CD3-4506-9E88-2A6F8EFDE12E}.Release|Any CPU.Build.0 = Release|Any CPU
		{A4165063-1E47-4289-8E2A-80D3340B547A}.Debug|Any CPU.ActiveCfg = Debug|Any CPU
		{A4165063-1E47-4289-8E2A-80D3340B547A}.Debug|Any CPU.Build.0 = Debug|Any CPU
		{A4165063-1E47-4289-8E2A-80D3340B547A}.Release|Any CPU.ActiveCfg = Release|Any CPU
		{A4165063-1E47-4289-8E2A-80D3340B547A}.Release|Any CPU.Build.0 = Release|Any CPU
		{89074CB5-1EAE-44F2-A898-172594803C39}.Debug|Any CPU.ActiveCfg = Debug|Any CPU
		{89074CB5-1EAE-44F2-A898-172594803C39}.Debug|Any CPU.Build.0 = Debug|Any CPU
		{89074CB5-1EAE-44F2-A898-172594803C39}.Release|Any CPU.ActiveCfg = Release|Any CPU
		{89074CB5-1EAE-44F2-A898-172594803C39}.Release|Any CPU.Build.0 = Release|Any CPU
		{56F5E8FE-919B-4D72-8F46-09865674DECA}.Debug|Any CPU.ActiveCfg = Debug|Any CPU
		{56F5E8FE-919B-4D72-8F46-09865674DECA}.Debug|Any CPU.Build.0 = Debug|Any CPU
		{56F5E8FE-919B-4D72-8F46-09865674DECA}.Release|Any CPU.ActiveCfg = Release|Any CPU
		{56F5E8FE-919B-4D72-8F46-09865674DECA}.Release|Any CPU.Build.0 = Release|Any CPU
		{D94E20A8-0BD6-48DF-B7D8-448D28FE67FD}.Debug|Any CPU.ActiveCfg = Debug|Any CPU
		{D94E20A8-0BD6-48DF-B7D8-448D28FE67FD}.Debug|Any CPU.Build.0 = Debug|Any CPU
		{D94E20A8-0BD6-48DF-B7D8-448D28FE67FD}.Release|Any CPU.ActiveCfg = Release|Any CPU
		{D94E20A8-0BD6-48DF-B7D8-448D28FE67FD}.Release|Any CPU.Build.0 = Release|Any CPU
		{F1B058C0-3ABF-4A2A-BD0D-F27CA99CE328}.Debug|Any CPU.ActiveCfg = Debug|Any CPU
		{F1B058C0-3ABF-4A2A-BD0D-F27CA99CE328}.Debug|Any CPU.Build.0 = Debug|Any CPU
		{F1B058C0-3ABF-4A2A-BD0D-F27CA99CE328}.Release|Any CPU.ActiveCfg = Release|Any CPU
		{F1B058C0-3ABF-4A2A-BD0D-F27CA99CE328}.Release|Any CPU.Build.0 = Release|Any CPU
		{5C509D8F-5BAE-486A-8666-2968B46584F9}.Debug|Any CPU.ActiveCfg = Debug|Any CPU
		{5C509D8F-5BAE-486A-8666-2968B46584F9}.Debug|Any CPU.Build.0 = Debug|Any CPU
		{5C509D8F-5BAE-486A-8666-2968B46584F9}.Release|Any CPU.ActiveCfg = Release|Any CPU
		{5C509D8F-5BAE-486A-8666-2968B46584F9}.Release|Any CPU.Build.0 = Release|Any CPU
	EndGlobalSection
	GlobalSection(SolutionProperties) = preSolution
		HideSolutionNode = FALSE
	EndGlobalSection
	GlobalSection(ExtensibilityGlobals) = postSolution
		SolutionGuid = {8C5F45E8-17C2-437A-ADD1-A07FA1C18AFA}
	EndGlobalSection
EndGlobal
